[[package]]
name = "filelock"
version = "3.4.2"
description = "A platform independent file lock."
category = "main"
optional = false
python-versions = ">=3.7"

[package.extras]
docs = ["furo (>=2021.8.17b43)", "sphinx (>=4.1)", "sphinx-autodoc-typehints (>=1.12)"]
testing = ["covdefaults (>=1.2.0)", "coverage (>=4)", "pytest (>=4)", "pytest-cov", "pytest-timeout (>=1.4.2)"]

[[package]]
name = "torch"
version = "1.10.2"
description = "Tensors and Dynamic neural networks in Python with strong GPU acceleration"
category = "main"
optional = false
python-versions = ">=3.6.2"

[package.dependencies]
typing-extensions = "*"

[[package]]
name = "triton"
version = "1.1.1"
description = "A language and compiler for custom Deep Learning operations"
category = "main"
optional = false
python-versions = "*"

[package.dependencies]
filelock = "*"
torch = "*"

[[package]]
name = "typing-extensions"
version = "4.0.1"
description = "Backported and Experimental Type Hints for Python 3.6+"
category = "main"
optional = false
python-versions = ">=3.6"

[metadata]
lock-version = "1.1"
python-versions = "^3.8"
content-hash = "d14222734886188065d9014d6b0c31c3dc95a625bbfdb87998c3a10b8f745f7f"

[metadata.files]
filelock = [
    {file = "filelock-3.4.2-py3-none-any.whl", hash = "sha256:cf0fc6a2f8d26bd900f19bf33915ca70ba4dd8c56903eeb14e1e7a2fd7590146"},
    {file = "filelock-3.4.2.tar.gz", hash = "sha256:38b4f4c989f9d06d44524df1b24bd19e167d851f19b50bf3e3559952dddc5b80"},
]
torch = [
    {file = "torch-1.10.2-cp310-cp310-manylinux2014_aarch64.whl", hash = "sha256:8f3fd2e3ffc3bb867133fdf7fbcc8a0bb2e62a5c0696396f51856f5abf9045a8"},
    {file = "torch-1.10.2-cp36-cp36m-manylinux1_x86_64.whl", hash = "sha256:258a0729fb77a3457d5822d84b536057cd119b08049a8d3c41dc3dcdeb48d56e"},
    {file = "torch-1.10.2-cp36-cp36m-manylinux2014_aarch64.whl", hash = "sha256:935e5ac804c5093c79f23a7e6ca5b912c166071aa9d8b4a0a3d6a85126d6a47b"},
    {file = "torch-1.10.2-cp36-cp36m-win_amd64.whl", hash = "sha256:65fd02ed889c63fd82bf1a440c5a94c1310c29f3e6f9f62add416d34da355d97"},
    {file = "torch-1.10.2-cp36-none-macosx_10_9_x86_64.whl", hash = "sha256:6a81f886823bbd15edc2dc0908fa214070df61c9f7ab8831f0a03630275cca5a"},
    {file = "torch-1.10.2-cp37-cp37m-manylinux1_x86_64.whl", hash = "sha256:3eee3cf53c1f8fb3f1fe107a22025a8501fc6440d14e09599ba7153002531f84"},
    {file = "torch-1.10.2-cp37-cp37m-manylinux2014_aarch64.whl", hash = "sha256:ef99b8cca5f9358119b07956915faf6e7906f433ab4a603c160ae9de88918371"},
    {file = "torch-1.10.2-cp37-cp37m-win_amd64.whl", hash = "sha256:d43bc3f3a2d89ae185ef96d903c935c335219231e57685658648396984e2a67a"},
    {file = "torch-1.10.2-cp37-none-macosx_10_9_x86_64.whl", hash = "sha256:6da1b877880435440a5aa9678ef0f01986d4886416844db1d97ebfb7fd1778d0"},
    {file = "torch-1.10.2-cp38-cp38-manylinux1_x86_64.whl", hash = "sha256:ab77a9f838874f295ed5410c0686fa22547456e0116efb281c66ef5f9d46fe28"},
    {file = "torch-1.10.2-cp38-cp38-manylinux2014_aarch64.whl", hash = "sha256:9ef4c004f9e5168bd1c1930c6aff25fed5b097de81db6271ffbb2e4fb8b89319"},
    {file = "torch-1.10.2-cp38-cp38-win_amd64.whl", hash = "sha256:376fc18407add20daa6bbaaffc5a5e06d733abe53bcbd60ef2532bfed34bc091"},
    {file = "torch-1.10.2-cp38-none-macosx_10_9_x86_64.whl", hash = "sha256:f281438ee99bd72ad65c0bba1026a32e45c3b636bc067fc145ad291e9ea2faab"},
    {file = "torch-1.10.2-cp38-none-macosx_11_0_arm64.whl", hash = "sha256:3592d3dd62b32760c82624e7586222747fe2281240e8653970b35f1d6d4a434c"},
    {file = "torch-1.10.2-cp39-cp39-manylinux1_x86_64.whl", hash = "sha256:fbaf18c1b3e0b31af194a9d853e3739464cf982d279df9d34dd18f1c2a471878"},
    {file = "torch-1.10.2-cp39-cp39-manylinux2014_aarch64.whl", hash = "sha256:97b7b0c667e8b0dd1fc70137a36e0a4841ec10ef850bda60500ad066bef3e2de"},
    {file = "torch-1.10.2-cp39-cp39-win_amd64.whl", hash = "sha256:901b52787baeb2e9e1357ca7037da0028bc6ad743f530e0040ae96ef8e27156c"},
    {file = "torch-1.10.2-cp39-none-macosx_10_9_x86_64.whl", hash = "sha256:5b68e9108bd7ebd99eee941686046c517cfaac5331f757bcf440fe02f2e3ced1"},
    {file = "torch-1.10.2-cp39-none-macosx_11_0_arm64.whl", hash = "sha256:b07ef01e36b716d0d65ca60c4db0ac9d094a0e797d9b55290da4dcda91463b6c"},
]
triton = [
    {file = "triton-1.1.1-cp36-cp36m-manylinux_2_17_x86_64.manylinux2014_x86_64.whl", hash = "sha256:8441e6f44517aef8f6345f621c003926cbe970892802411a949ccda516cbd5ba"},
    {file = "triton-1.1.1-cp37-cp37m-manylinux_2_17_x86_64.manylinux2014_x86_64.whl", hash = "sha256:840776bc1f4757fb2d6af974694c5e5313220ceec238ee6118b9728bc2aa9ade"},
    {file = "triton-1.1.1-cp38-cp38-manylinux_2_17_x86_64.manylinux2014_x86_64.whl", hash = "sha256:97d42cdaa7d56de463d762c18cc876bfd0828a2b6a706263393fe7e10d1c83ca"},
    {file = "triton-1.1.1-cp39-cp39-manylinux_2_17_x86_64.manylinux2014_x86_64.whl", hash = "sha256:ebc19c0e902bbf7d29de4d444455608065a2c56e3524f4bc94e724511ca518f3"},
    {file = "triton-1.1.1-pp37-pypy37_pp73-manylinux_2_17_x86_64.manylinux2014_x86_64.whl", hash = "sha256:f02f798cd2dd922228082ce1a4e9d81badb9a6217a9aac6d783e95bf7055974d"},
]
typing-extensions = [
    {file = "typing_extensions-4.0.1-py3-none-any.whl", hash = "sha256:7f001e5ac290a0c0401508864c7ec868be4e701886d5b573a9528ed3973d9d3b"},
    {file = "typing_extensions-4.0.1.tar.gz", hash = "sha256:4ca091dea149f945ec56afb48dae714f21e8692ef22a395223bcd328961b6a0e"},
]
